
Microsoft Visual Studio Solution File, Format Version 12.00
# Visual Studio 14
VisualStudioVersion = 14.0.24720.0
MinimumVisualStudioVersion = 10.0.40219.1
Project("{FAE04EC0-301F-11D3-BF4B-00C04F79EFBC}") = "Node", "Node\Node.csproj", "{77DE03B0-5C77-449D-8832-CB8E7FEA4246}"
EndProject
Project("{FAE04EC0-301F-11D3-BF4B-00C04F79EFBC}") = "Replica", "Replica\Replica.csproj", "{BB544FCD-5ACE-49DE-8121-762836200E78}"
EndProject
Project("{FAE04EC0-301F-11D3-BF4B-00C04F79EFBC}") = "Operator", "Operator\Operator.csproj", "{C76A9E46-0D37-42C6-88AB-CEEECC1484C0}"
EndProject
Project("{FAE04EC0-301F-11D3-BF4B-00C04F79EFBC}") = "Puppetmaster", "Puppetmaster\Puppetmaster.csproj", "{EF78A7A4-79D8-44B6-839B-0C3026972B25}"
EndProject
Project("{FAE04EC0-301F-11D3-BF4B-00C04F79EFBC}") = "Logger", "Logger\Logger.csproj", "{B14BD05D-8720-4CF5-85C1-EDD939A179E3}"
EndProject
Project("{FAE04EC0-301F-11D3-BF4B-00C04F79EFBC}") = "CustomOperators", "CustomOperators\CustomOperators.csproj", "{8CA97681-82E0-4737-B83E-CFD63034497A}"
EndProject
Global
	GlobalSection(SolutionConfigurationPlatforms) = preSolution
		Debug|Any CPU = Debug|Any CPU
		Release|Any CPU = Release|Any CPU
	EndGlobalSection
	GlobalSection(ProjectConfigurationPlatforms) = postSolution
		{77DE03B0-5C77-449D-8832-CB8E7FEA4246}.Debug|Any CPU.ActiveCfg = Debug|Any CPU
		{77DE03B0-5C77-449D-8832-CB8E7FEA4246}.Debug|Any CPU.Build.0 = Debug|Any CPU
		{77DE03B0-5C77-449D-8832-CB8E7FEA4246}.Release|Any CPU.ActiveCfg = Release|Any CPU
		{77DE03B0-5C77-449D-8832-CB8E7FEA4246}.Release|Any CPU.Build.0 = Release|Any CPU
		{BB544FCD-5ACE-49DE-8121-762836200E78}.Debug|Any CPU.ActiveCfg = Debug|Any CPU
		{BB544FCD-5ACE-49DE-8121-762836200E78}.Debug|Any CPU.Build.0 = Debug|Any CPU
		{BB544FCD-5ACE-49DE-8121-762836200E78}.Release|Any CPU.ActiveCfg = Release|Any CPU
		{BB544FCD-5ACE-49DE-8121-762836200E78}.Release|Any CPU.Build.0 = Release|Any CPU
		{C76A9E46-0D37-42C6-88AB-CEEECC1484C0}.Debug|Any CPU.ActiveCfg = Debug|Any CPU
		{C76A9E46-0D37-42C6-88AB-CEEECC1484C0}.Debug|Any CPU.Build.0 = Debug|Any CPU
		{C76A9E46-0D37-42C6-88AB-CEEECC1484C0}.Release|Any CPU.ActiveCfg = Release|Any CPU
		{C76A9E46-0D37-42C6-88AB-CEEECC1484C0}.Release|Any CPU.Build.0 = Release|Any CPU
		{EF78A7A4-79D8-44B6-839B-0C3026972B25}.Debug|Any CPU.ActiveCfg = Debug|Any CPU
		{EF78A7A4-79D8-44B6-839B-0C3026972B25}.Debug|Any CPU.Build.0 = Debug|Any CPU
		{EF78A7A4-79D8-44B6-839B-0C3026972B25}.Release|Any CPU.ActiveCfg = Release|Any CPU
		{EF78A7A4-79D8-44B6-839B-0C3026972B25}.Release|Any CPU.Build.0 = Release|Any CPU
		{B14BD05D-8720-4CF5-85C1-EDD939A179E3}.Debug|Any CPU.ActiveCfg = Debug|Any CPU
		{B14BD05D-8720-4CF5-85C1-EDD939A179E3}.Debug|Any CPU.Build.0 = Debug|Any CPU
		{B14BD05D-8720-4CF5-85C1-EDD939A179E3}.Release|Any CPU.ActiveCfg = Release|Any CPU
		{B14BD05D-8720-4CF5-85C1-EDD939A179E3}.Release|Any CPU.Build.0 = Release|Any CPU
		{8CA97681-82E0-4737-B83E-CFD63034497A}.Debug|Any CPU.ActiveCfg = Debug|Any CPU
		{8CA97681-82E0-4737-B83E-CFD63034497A}.Debug|Any CPU.Build.0 = Debug|Any CPU
		{8CA97681-82E0-4737-B83E-CFD63034497A}.Release|Any CPU.ActiveCfg = Release|Any CPU
		{8CA97681-82E0-4737-B83E-CFD63034497A}.Release|Any CPU.Build.0 = Release|Any CPU
	EndGlobalSection
	GlobalSection(SolutionProperties) = preSolution
		HideSolutionNode = FALSE
	EndGlobalSection
EndGlobal
